
Microsoft Visual Studio Solution File, Format Version 12.00
# Visual Studio Version 16
VisualStudioVersion = 16.0.810.14
MinimumVisualStudioVersion = 10.0.40219.1
Project("{FAE04EC0-301F-11D3-BF4B-00C04F79EFBC}") = "storeAppSecondDraft", "storeAppSecondDraft.csproj", "{222C0086-37D4-43C8-B14B-4A92A71B91F3}"
EndProject
Global
	GlobalSection(SolutionConfigurationPlatforms) = preSolution
		Debug|Any CPU = Debug|Any CPU
		Release|Any CPU = Release|Any CPU
	EndGlobalSection
	GlobalSection(ProjectConfigurationPlatforms) = postSolution
		{222C0086-37D4-43C8-B14B-4A92A71B91F3}.Debug|Any CPU.ActiveCfg = Debug|Any CPU
		{222C0086-37D4-43C8-B14B-4A92A71B91F3}.Debug|Any CPU.Build.0 = Debug|Any CPU
		{222C0086-37D4-43C8-B14B-4A92A71B91F3}.Release|Any CPU.ActiveCfg = Release|Any CPU
		{222C0086-37D4-43C8-B14B-4A92A71B91F3}.Release|Any CPU.Build.0 = Release|Any CPU
	EndGlobalSection
	GlobalSection(SolutionProperties) = preSolution
		HideSolutionNode = FALSE
	EndGlobalSection
	GlobalSection(ExtensibilityGlobals) = postSolution
		SolutionGuid = {D92C0EF9-3B27-4045-BBB2-427C901319B9}
	EndGlobalSection
EndGlobal
